// !$*UTF8*$!
{
	archiveVersion = 1;
	classes = {
	};
	objectVersion = 46;
	objects = {

/* Begin PBXBuildFile section */
		A0771A7A1CB79C480045C7E7 /* AppDelegate.swift in Sources */ = {isa = PBXBuildFile; fileRef = A0771A791CB79C480045C7E7 /* AppDelegate.swift */; };
		A0771A7C1CB79C480045C7E7 /* ViewController.swift in Sources */ = {isa = PBXBuildFile; fileRef = A0771A7B1CB79C480045C7E7 /* ViewController.swift */; };
		A0771A7F1CB79C480045C7E7 /* Main.storyboard in Resources */ = {isa = PBXBuildFile; fileRef = A0771A7D1CB79C480045C7E7 /* Main.storyboard */; };
		A0771A811CB79C480045C7E7 /* Assets.xcassets in Resources */ = {isa = PBXBuildFile; fileRef = A0771A801CB79C480045C7E7 /* Assets.xcassets */; };
		A0771A841CB79C480045C7E7 /* LaunchScreen.storyboard in Resources */ = {isa = PBXBuildFile; fileRef = A0771A821CB79C480045C7E7 /* LaunchScreen.storyboard */; };
		A0771A8C1CB7C0A60045C7E7 /* CEAlertView.swift in Sources */ = {isa = PBXBuildFile; fileRef = A0771A8B1CB7C0A60045C7E7 /* CEAlertView.swift */; };
/* End PBXBuildFile section */

/* Begin PBXFileReference section */
		A0771A761CB79C480045C7E7 /* SwiftTest.app */ = {isa = PBXFileReference; explicitFileType = wrapper.application; includeInIndex = 0; path = SwiftTest.app; sourceTree = BUILT_PRODUCTS_DIR; };
		A0771A791CB79C480045C7E7 /* AppDelegate.swift */ = {isa = PBXFileReference; lastKnownFileType = sourcecode.swift; path = AppDelegate.swift; sourceTree = "<group>"; };
		A0771A7B1CB79C480045C7E7 /* ViewController.swift */ = {isa = PBXFileReference; lastKnownFileType = sourcecode.swift; path = ViewController.swift; sourceTree = "<group>"; };
		A0771A7E1CB79C480045C7E7 /* Base */ = {isa = PBXFileReference; lastKnownFileType = file.storyboard; name = Base; path = Base.lproj/Main.storyboard; sourceTree = "<group>"; };
		A0771A801CB79C480045C7E7 /* Assets.xcassets */ = {isa = PBXFileReference; lastKnownFileType = folder.assetcatalog; path = Assets.xcassets; sourceTree = "<group>"; };
		A0771A831CB79C480045C7E7 /* Base */ = {isa = PBXFileReference; lastKnownFileType = file.storyboard; name = Base; path = Base.lproj/LaunchScreen.storyboard; sourceTree = "<group>"; };
		A0771A851CB79C480045C7E7 /* Info.plist */ = {isa = PBXFileReference; lastKnownFileType = text.plist.xml; path = Info.plist; sourceTree = "<group>"; };
		A0771A8B1CB7C0A60045C7E7 /* CEAlertView.swift */ = {isa = PBXFileReference; fileEncoding = 4; lastKnownFileType = sourcecode.swift; path = CEAlertView.swift; sourceTree = "<group>"; };
/* End PBXFileReference section */

/* Begin PBXFrameworksBuildPhase section */
		A0771A731CB79C480045C7E7 /* Frameworks */ = {
			isa = PBXFrameworksBuildPhase;
			buildActionMask = 2147483647;
			files = (
			);
			runOnlyForDeploymentPostprocessing = 0;
		};
/* End PBXFrameworksBuildPhase section */

/* Begin PBXGroup section */
		A0771A6D1CB79C480045C7E7 = {
			isa = PBXGroup;
			children = (
				A0771A781CB79C480045C7E7 /* SwiftTest */,
				A0771A771CB79C480045C7E7 /* Products */,
			);
			sourceTree = "<group>";
		};
		A0771A771CB79C480045C7E7 /* Products */ = {
			isa = PBXGroup;
			children = (
				A0771A761CB79C480045C7E7 /* SwiftTest.app */,
			);
			name = Products;
			sourceTree = "<group>";
		};
		A0771A781CB79C480045C7E7 /* SwiftTest */ = {
			isa = PBXGroup;
			children = (
				A0771A791CB79C480045C7E7 /* AppDelegate.swift */,
				A0771A7B1CB79C480045C7E7 /* ViewController.swift */,
				A0771A8B1CB7C0A60045C7E7 /* CEAlertView.swift */,
				A0771A7D1CB79C480045C7E7 /* Main.storyboard */,
				A0771A801CB79C480045C7E7 /* Assets.xcassets */,
				A0771A821CB79C480045C7E7 /* LaunchScreen.storyboard */,
				A0771A851CB79C480045C7E7 /* Info.plist */,
			);
			path = SwiftTest;
			sourceTree = "<group>";
		};
/* End PBXGroup section */

/* Begin PBXNativeTarget section */
		A0771A751CB79C480045C7E7 /* SwiftTest */ = {
			isa = PBXNativeTarget;
			buildConfigurationList = A0771A881CB79C480045C7E7 /* Build configuration list for PBXNativeTarget "SwiftTest" */;
			buildPhases = (
				A0771A721CB79C480045C7E7 /* Sources */,
				A0771A731CB79C480045C7E7 /* Frameworks */,
				A0771A741CB79C480045C7E7 /* Resources */,
			);
			buildRules = (
			);
			dependencies = (
			);
			name = SwiftTest;
			productName = SwiftTest;
			productReference = A0771A761CB79C480045C7E7 /* SwiftTest.app */;
			productType = "com.apple.product-type.application";
		};
/* End PBXNativeTarget section */

/* Begin PBXProject section */
		A0771A6E1CB79C480045C7E7 /* Project object */ = {
			isa = PBXProject;
			attributes = {
				LastSwiftUpdateCheck = 0720;
				LastUpgradeCheck = 0720;
				ORGANIZATIONNAME = celink;
				TargetAttributes = {
					A0771A751CB79C480045C7E7 = {
						CreatedOnToolsVersion = 7.2;
					};
				};
			};
			buildConfigurationList = A0771A711CB79C480045C7E7 /* Build configuration list for PBXProject "SwiftTest" */;
			compatibilityVersion = "Xcode 3.2";
			developmentRegion = English;
			hasScannedForEncodings = 0;
			knownRegions = (
				en,
				Base,
			);
			mainGroup = A0771A6D1CB79C480045C7E7;
			productRefGroup = A0771A771CB79C480045C7E7 /* Products */;
			projectDirPath = "";
			projectRoot = "";
			targets = (
				A0771A751CB79C480045C7E7 /* SwiftTest */,
			);
		};
/* End PBXProject section */

/* Begin PBXResourcesBuildPhase section */
		A0771A741CB79C480045C7E7 /* Resources */ = {
			isa = PBXResourcesBuildPhase;
			buildActionMask = 2147483647;
			files = (
				A0771A841CB79C480045C7E7 /* LaunchScreen.storyboard in Resources */,
				A0771A811CB79C480045C7E7 /* Assets.xcassets in Resources */,
				A0771A7F1CB79C480045C7E7 /* Main.storyboard in Resources */,
			);
			runOnlyForDeploymentPostprocessing = 0;
		};
/* End PBXResourcesBuildPhase section */

/* Begin PBXSourcesBuildPhase section */
		A0771A721CB79C480045C7E7 /* Sources */ = {
			isa = PBXSourcesBuildPhase;
			buildActionMask = 2147483647;
			files = (
				A0771A7C1CB79C480045C7E7 /* ViewController.swift in Sources */,
				A0771A8C1CB7C0A60045C7E7 /* CEAlertView.swift in Sources */,
				A0771A7A1CB79C480045C7E7 /* AppDelegate.swift in Sources */,
			);
			runOnlyForDeploymentPostprocessing = 0;
		};
/* End PBXSourcesBuildPhase section */

/* Begin PBXVariantGroup section */
		A0771A7D1CB79C480045C7E7 /* Main.storyboard */ = {
			isa = PBXVariantGroup;
			children = (
				A0771A7E1CB79C480045C7E7 /* Base */,
			);
			name = Main.storyboard;
			sourceTree = "<group>";
		};
		A0771A821CB79C480045C7E7 /* LaunchScreen.storyboard */ = {
			isa = PBXVariantGroup;
			children = (
				A0771A831CB79C480045C7E7 /* Base */,
			);
			name = LaunchScreen.storyboard;
			sourceTree = "<group>";
		};
/* End PBXVariantGroup section */

/* Begin XCBuildConfiguration section */
		A0771A861CB79C480045C7E7 /* Debug */ = {
			isa = XCBuildConfiguration;
			buildSettings = {
				ALWAYS_SEARCH_USER_PATHS = NO;
				CLANG_CXX_LANGUAGE_STANDARD = "gnu++0x";
				CLANG_CXX_LIBRARY = "libc++";
				CLANG_ENABLE_MODULES = YES;
				CLANG_ENABLE_OBJC_ARC = YES;
				CLANG_WARN_BOOL_CONVERSION = YES;
				CLANG_WARN_CONSTANT_CONVERSION = YES;
				CLANG_WARN_DIRECT_OBJC_ISA_USAGE = YES_ERROR;
				CLANG_WARN_EMPTY_BODY = YES;
				CLANG_WARN_ENUM_CONVERSION = YES;
				CLANG_WARN_INT_CONVERSION = YES;
				CLANG_WARN_OBJC_ROOT_CLASS = YES_ERROR;
				CLANG_WARN_UNREACHABLE_CODE = YES;
				CLANG_WARN__DUPLICATE_METHOD_MATCH = YES;
				"CODE_SIGN_IDENTITY[sdk=iphoneos*]" = "iPhone Developer";
				COPY_PHASE_STRIP = NO;
				DEBUG_INFORMATION_FORMAT = dwarf;
				ENABLE_STRICT_OBJC_MSGSEND = YES;
				ENABLE_TESTABILITY = YES;
				GCC_C_LANGUAGE_STANDARD = gnu99;
				GCC_DYNAMIC_NO_PIC = NO;
				GCC_NO_COMMON_BLOCKS = YES;
				GCC_OPTIMIZATION_LEVEL = 0;
				GCC_PREPROCESSOR_DEFINITIONS = (
					"DEBUG=1",
					"$(inherited)",
				);
				GCC_WARN_64_TO_32_BIT_CONVERSION = YES;
				GCC_WARN_ABOUT_RETURN_TYPE = YES_ERROR;
				GCC_WARN_UNDECLARED_SELECTOR = YES;
				GCC_WARN_UNINITIALIZED_AUTOS = YES_AGGRESSIVE;
				GCC_WARN_UNUSED_FUNCTION = YES;
				GCC_WARN_UNUSED_VARIABLE = YES;
				IPHONEOS_DEPLOYMENT_TARGET = 9.2;
				MTL_ENABLE_DEBUG_INFO = YES;
				ONLY_ACTIVE_ARCH = YES;
				SDKROOT = iphoneos;
				SWIFT_OPTIMIZATION_LEVEL = "-Onone";
			};
			name = Debug;
		};
		A0771A871CB79C480045C7E7 /* Release */ = {
			isa = XCBuildConfiguration;
			buildSettings = {
				ALWAYS_SEARCH_USER_PATHS = NO;
				CLANG_CXX_LANGUAGE_STANDARD = "gnu++0x";
				CLANG_CXX_LIBRARY = "libc++";
				CLANG_ENABLE_MODULES = YES;
				CLANG_ENABLE_OBJC_ARC = YES;
				CLANG_WARN_BOOL_CONVERSION = YES;
				CLANG_WARN_CONSTANT_CONVERSION = YES;
				CLANG_WARN_DIRECT_OBJC_ISA_USAGE = YES_ERROR;
				CLANG_WARN_EMPTY_BODY = YES;
				CLANG_WARN_ENUM_CONVERSION = YES;
				CLANG_WARN_INT_CONVERSION = YES;
				CLANG_WARN_OBJC_ROOT_CLASS = YES_ERROR;
				CLANG_WARN_UNREACHABLE_CODE = YES;
				CLANG_WARN__DUPLICATE_METHOD_MATCH = YES;
				"CODE_SIGN_IDENTITY[sdk=iphoneos*]" = "iPhone Developer";
				COPY_PHASE_STRIP = NO;
				DEBUG_INFORMATION_FORMAT = "dwarf-with-dsym";
				ENABLE_NS_ASSERTIONS = NO;
				ENABLE_STRICT_OBJC_MSGSEND = YES;
				GCC_C_LANGUAGE_STANDARD = gnu99;
				GCC_NO_COMMON_BLOCKS = YES;
				GCC_WARN_64_TO_32_BIT_CONVERSION = YES;
				GCC_WARN_ABOUT_RETURN_TYPE = YES_ERROR;
				GCC_WARN_UNDECLARED_SELECTOR = YES;
				GCC_WARN_UNINITIALIZED_AUTOS = YES_AGGRESSIVE;
				GCC_WARN_UNUSED_FUNCTION = YES;
				GCC_WARN_UNUSED_VARIABLE = YES;
				IPHONEOS_DEPLOYMENT_TARGET = 9.2;
				MTL_ENABLE_DEBUG_INFO = NO;
				SDKROOT = iphoneos;
				VALIDATE_PRODUCT = YES;
			};
			name = Release;
		};
		A0771A891CB79C480045C7E7 /* Debug */ = {
			isa = XCBuildConfiguration;
			buildSettings = {
				ASSETCATALOG_COMPILER_APPICON_NAME = AppIcon;
				INFOPLIST_FILE = SwiftTest/Info.plist;
				IPHONEOS_DEPLOYMENT_TARGET = 7.0;
				LD_RUNPATH_SEARCH_PATHS = "$(inherited) @executable_path/Frameworks";
				PRODUCT_BUNDLE_IDENTIFIER = com.celink.ymr.SwiftTest;
				PRODUCT_NAME = "$(TARGET_NAME)";
			};
			name = Debug;
		};
		A0771A8A1CB79C480045C7E7 /* Release */ = {
			isa = XCBuildConfiguration;
			buildSettings = {
				ASSETCATALOG_COMPILER_APPICON_NAME = AppIcon;
				INFOPLIST_FILE = SwiftTest/Info.plist;
				IPHONEOS_DEPLOYMENT_TARGET = 7.0;
				LD_RUNPATH_SEARCH_PATHS = "$(inherited) @executable_path/Frameworks";
				PRODUCT_BUNDLE_IDENTIFIER = com.celink.ymr.SwiftTest;
				PRODUCT_NAME = "$(TARGET_NAME)";
			};
			name = Release;
		};
/* End XCBuildConfiguration section */

/* Begin XCConfigurationList section */
		A0771A711CB79C480045C7E7 /* Build configuration list for PBXProject "SwiftTest" */ = {
			isa = XCConfigurationList;
			buildConfigurations = (
				A0771A861CB79C480045C7E7 /* Debug */,
				A0771A871CB79C480045C7E7 /* Release */,
			);
			defaultConfigurationIsVisible = 0;
			defaultConfigurationName = Release;
		};
		A0771A881CB79C480045C7E7 /* Build configuration list for PBXNativeTarget "SwiftTest" */ = {
			isa = XCConfigurationList;
			buildConfigurations = (
				A0771A891CB79C480045C7E7 /* Debug */,
				A0771A8A1CB79C480045C7E7 /* Release */,
			);
			defaultConfigurationIsVisible = 0;
		};
/* End XCConfigurationList section */
	};
	rootObject = A0771A6E1CB79C480045C7E7 /* Project object */;
}
